
Microsoft Visual Studio Solution File, Format Version 9.00
# Visual Studio 2005
Project("{8BC9CEB8-8B4A-11D0-8D11-00A0C91BC942}") = "Uplog-diags", "Uplog-diags.vcproj", "{F261E702-2E28-4DB0-A070-E11D39BE96BC}"
EndProject
Global
	GlobalSection(SolutionConfigurationPlatforms) = preSolution
		Debug|Win32 = Debug|Win32
		Release|Win32 = Release|Win32
	EndGlobalSection
	GlobalSection(ProjectConfigurationPlatforms) = postSolution
		{F261E702-2E28-4DB0-A070-E11D39BE96BC}.Debug|Win32.ActiveCfg = Debug|Win32
		{F261E702-2E28-4DB0-A070-E11D39BE96BC}.Debug|Win32.Build.0 = Debug|Win32
		{F261E702-2E28-4DB0-A070-E11D39BE96BC}.Release|Win32.ActiveCfg = Release|Win32
		{F261E702-2E28-4DB0-A070-E11D39BE96BC}.Release|Win32.Build.0 = Release|Win32
	EndGlobalSection
	GlobalSection(SolutionProperties) = preSolution
		HideSolutionNode = FALSE
	EndGlobalSection
EndGlobal
